# THIS IS AN AUTOGENERATED FILE. DO NOT EDIT THIS FILE DIRECTLY.
# yarn lockfile v1


"@ampproject/remapping@^2.2.1":
  version "2.2.1"
  resolved "https://registry.yarnpkg.com/@ampproject/remapping/-/remapping-2.2.1.tgz#99e8e11851128b8702cd57c33684f1d0f260b630"
  integrity sha512-lFMjJTrFL3j7L9yBxwYfCq2k6qqwHyzuUl/XBnif78PWTJYyL/dfowQHWE3sp6U6ZzqWiiIZnpTMO96zhkjwtg==
  dependencies:
    "@jridgewell/gen-mapping" "^0.3.0"
    "@jridgewell/trace-mapping" "^0.3.9"

"@esbuild/aix-ppc64@0.20.2":
  version "0.20.2"
  resolved "https://registry.yarnpkg.com/@esbuild/aix-ppc64/-/aix-ppc64-0.20.2.tgz#a70f4ac11c6a1dfc18b8bbb13284155d933b9537"
  integrity sha512-D+EBOJHXdNZcLJRBkhENNG8Wji2kgc9AZ9KiPr1JuZjsNtyHzrsfLRrY0tk2H2aoFu6RANO1y1iPPUCDYWkb5g==

"@esbuild/android-arm64@0.20.2":
  version "0.20.2"
  resolved "https://registry.yarnpkg.com/@esbuild/android-arm64/-/android-arm64-0.20.2.tgz#db1c9202a5bc92ea04c7b6840f1bbe09ebf9e6b9"
  integrity sha512-mRzjLacRtl/tWU0SvD8lUEwb61yP9cqQo6noDZP/O8VkwafSYwZ4yWy24kan8jE/IMERpYncRt2dw438LP3Xmg==

"@esbuild/android-arm@0.20.2":
  version "0.20.2"
  resolved "https://registry.yarnpkg.com/@esbuild/android-arm/-/android-arm-0.20.2.tgz#3b488c49aee9d491c2c8f98a909b785870d6e995"
  integrity sha512-t98Ra6pw2VaDhqNWO2Oph2LXbz/EJcnLmKLGBJwEwXX/JAN83Fym1rU8l0JUWK6HkIbWONCSSatf4sf2NBRx/w==

"@esbuild/android-x64@0.20.2":
  version "0.20.2"
  resolved "https://registry.yarnpkg.com/@esbuild/android-x64/-/android-x64-0.20.2.tgz#3b1628029e5576249d2b2d766696e50768449f98"
  integrity sha512-btzExgV+/lMGDDa194CcUQm53ncxzeBrWJcncOBxuC6ndBkKxnHdFJn86mCIgTELsooUmwUm9FkhSp5HYu00Rg==

"@esbuild/darwin-arm64@0.20.2":
  version "0.20.2"
  resolved "https://registry.yarnpkg.com/@esbuild/darwin-arm64/-/darwin-arm64-0.20.2.tgz#6e8517a045ddd86ae30c6608c8475ebc0c4000bb"
  integrity sha512-4J6IRT+10J3aJH3l1yzEg9y3wkTDgDk7TSDFX+wKFiWjqWp/iCfLIYzGyasx9l0SAFPT1HwSCR+0w/h1ES/MjA==

"@esbuild/darwin-x64@0.20.2":
  version "0.20.2"
  resolved "https://registry.yarnpkg.com/@esbuild/darwin-x64/-/darwin-x64-0.20.2.tgz#90ed098e1f9dd8a9381695b207e1cff45540a0d0"
  integrity sha512-tBcXp9KNphnNH0dfhv8KYkZhjc+H3XBkF5DKtswJblV7KlT9EI2+jeA8DgBjp908WEuYll6pF+UStUCfEpdysA==

"@esbuild/freebsd-arm64@0.20.2":
  version "0.20.2"
  resolved "https://registry.yarnpkg.com/@esbuild/freebsd-arm64/-/freebsd-arm64-0.20.2.tgz#d71502d1ee89a1130327e890364666c760a2a911"
  integrity sha512-d3qI41G4SuLiCGCFGUrKsSeTXyWG6yem1KcGZVS+3FYlYhtNoNgYrWcvkOoaqMhwXSMrZRl69ArHsGJ9mYdbbw==

"@esbuild/freebsd-x64@0.20.2":
  version "0.20.2"
  resolved "https://registry.yarnpkg.com/@esbuild/freebsd-x64/-/freebsd-x64-0.20.2.tgz#aa5ea58d9c1dd9af688b8b6f63ef0d3d60cea53c"
  integrity sha512-d+DipyvHRuqEeM5zDivKV1KuXn9WeRX6vqSqIDgwIfPQtwMP4jaDsQsDncjTDDsExT4lR/91OLjRo8bmC1e+Cw==

"@esbuild/linux-arm64@0.20.2":
  version "0.20.2"
  resolved "https://registry.yarnpkg.com/@esbuild/linux-arm64/-/linux-arm64-0.20.2.tgz#055b63725df678379b0f6db9d0fa85463755b2e5"
  integrity sha512-9pb6rBjGvTFNira2FLIWqDk/uaf42sSyLE8j1rnUpuzsODBq7FvpwHYZxQ/It/8b+QOS1RYfqgGFNLRI+qlq2A==

"@esbuild/linux-arm@0.20.2":
  version "0.20.2"
  resolved "https://registry.yarnpkg.com/@esbuild/linux-arm/-/linux-arm-0.20.2.tgz#76b3b98cb1f87936fbc37f073efabad49dcd889c"
  integrity sha512-VhLPeR8HTMPccbuWWcEUD1Az68TqaTYyj6nfE4QByZIQEQVWBB8vup8PpR7y1QHL3CpcF6xd5WVBU/+SBEvGTg==

"@esbuild/linux-ia32@0.20.2":
  version "0.20.2"
  resolved "https://registry.yarnpkg.com/@esbuild/linux-ia32/-/linux-ia32-0.20.2.tgz#c0e5e787c285264e5dfc7a79f04b8b4eefdad7fa"
  integrity sha512-o10utieEkNPFDZFQm9CoP7Tvb33UutoJqg3qKf1PWVeeJhJw0Q347PxMvBgVVFgouYLGIhFYG0UGdBumROyiig==

"@esbuild/linux-loong64@0.20.2":
  version "0.20.2"
  resolved "https://registry.yarnpkg.com/@esbuild/linux-loong64/-/linux-loong64-0.20.2.tgz#a6184e62bd7cdc63e0c0448b83801001653219c5"
  integrity sha512-PR7sp6R/UC4CFVomVINKJ80pMFlfDfMQMYynX7t1tNTeivQ6XdX5r2XovMmha/VjR1YN/HgHWsVcTRIMkymrgQ==

"@esbuild/linux-mips64el@0.20.2":
  version "0.20.2"
  resolved "https://registry.yarnpkg.com/@esbuild/linux-mips64el/-/linux-mips64el-0.20.2.tgz#d08e39ce86f45ef8fc88549d29c62b8acf5649aa"
  integrity sha512-4BlTqeutE/KnOiTG5Y6Sb/Hw6hsBOZapOVF6njAESHInhlQAghVVZL1ZpIctBOoTFbQyGW+LsVYZ8lSSB3wkjA==

"@esbuild/linux-ppc64@0.20.2":
  version "0.20.2"
  resolved "https://registry.yarnpkg.com/@esbuild/linux-ppc64/-/linux-ppc64-0.20.2.tgz#8d252f0b7756ffd6d1cbde5ea67ff8fd20437f20"
  integrity sha512-rD3KsaDprDcfajSKdn25ooz5J5/fWBylaaXkuotBDGnMnDP1Uv5DLAN/45qfnf3JDYyJv/ytGHQaziHUdyzaAg==

"@esbuild/linux-riscv64@0.20.2":
  version "0.20.2"
  resolved "https://registry.yarnpkg.com/@esbuild/linux-riscv64/-/linux-riscv64-0.20.2.tgz#19f6dcdb14409dae607f66ca1181dd4e9db81300"
  integrity sha512-snwmBKacKmwTMmhLlz/3aH1Q9T8v45bKYGE3j26TsaOVtjIag4wLfWSiZykXzXuE1kbCE+zJRmwp+ZbIHinnVg==

"@esbuild/linux-s390x@0.20.2":
  version "0.20.2"
  resolved "https://registry.yarnpkg.com/@esbuild/linux-s390x/-/linux-s390x-0.20.2.tgz#3c830c90f1a5d7dd1473d5595ea4ebb920988685"
  integrity sha512-wcWISOobRWNm3cezm5HOZcYz1sKoHLd8VL1dl309DiixxVFoFe/o8HnwuIwn6sXre88Nwj+VwZUvJf4AFxkyrQ==

"@esbuild/linux-x64@0.20.2":
  version "0.20.2"
  resolved "https://registry.yarnpkg.com/@esbuild/linux-x64/-/linux-x64-0.20.2.tgz#86eca35203afc0d9de0694c64ec0ab0a378f6fff"
  integrity sha512-1MdwI6OOTsfQfek8sLwgyjOXAu+wKhLEoaOLTjbijk6E2WONYpH9ZU2mNtR+lZ2B4uwr+usqGuVfFT9tMtGvGw==

"@esbuild/netbsd-x64@0.20.2":
  version "0.20.2"
  resolved "https://registry.yarnpkg.com/@esbuild/netbsd-x64/-/netbsd-x64-0.20.2.tgz#e771c8eb0e0f6e1877ffd4220036b98aed5915e6"
  integrity sha512-K8/DhBxcVQkzYc43yJXDSyjlFeHQJBiowJ0uVL6Tor3jGQfSGHNNJcWxNbOI8v5k82prYqzPuwkzHt3J1T1iZQ==

"@esbuild/openbsd-x64@0.20.2":
  version "0.20.2"
  resolved "https://registry.yarnpkg.com/@esbuild/openbsd-x64/-/openbsd-x64-0.20.2.tgz#9a795ae4b4e37e674f0f4d716f3e226dd7c39baf"
  integrity sha512-eMpKlV0SThJmmJgiVyN9jTPJ2VBPquf6Kt/nAoo6DgHAoN57K15ZghiHaMvqjCye/uU4X5u3YSMgVBI1h3vKrQ==

"@esbuild/sunos-x64@0.20.2":
  version "0.20.2"
  resolved "https://registry.yarnpkg.com/@esbuild/sunos-x64/-/sunos-x64-0.20.2.tgz#7df23b61a497b8ac189def6e25a95673caedb03f"
  integrity sha512-2UyFtRC6cXLyejf/YEld4Hajo7UHILetzE1vsRcGL3earZEW77JxrFjH4Ez2qaTiEfMgAXxfAZCm1fvM/G/o8w==

"@esbuild/win32-arm64@0.20.2":
  version "0.20.2"
  resolved "https://registry.yarnpkg.com/@esbuild/win32-arm64/-/win32-arm64-0.20.2.tgz#f1ae5abf9ca052ae11c1bc806fb4c0f519bacf90"
  integrity sha512-GRibxoawM9ZCnDxnP3usoUDO9vUkpAxIIZ6GQI+IlVmr5kP3zUq+l17xELTHMWTWzjxa2guPNyrpq1GWmPvcGQ==

"@esbuild/win32-ia32@0.20.2":
  version "0.20.2"
  resolved "https://registry.yarnpkg.com/@esbuild/win32-ia32/-/win32-ia32-0.20.2.tgz#241fe62c34d8e8461cd708277813e1d0ba55ce23"
  integrity sha512-HfLOfn9YWmkSKRQqovpnITazdtquEW8/SoHW7pWpuEeguaZI4QnCRW6b+oZTztdBnZOS2hqJ6im/D5cPzBTTlQ==

"@esbuild/win32-x64@0.20.2":
  version "0.20.2"
  resolved "https://registry.yarnpkg.com/@esbuild/win32-x64/-/win32-x64-0.20.2.tgz#9c907b21e30a52db959ba4f80bb01a0cc403d5cc"
  integrity sha512-N49X4lJX27+l9jbLKSqZ6bKNjzQvHaT8IIFUy+YIqmXQdjYCToGWwOItDrfby14c78aDd5NHQl29xingXfCdLQ==

"@ibm/telemetry-js@^1.2.1":
  version "1.2.1"
  resolved "https://registry.yarnpkg.com/@ibm/telemetry-js/-/telemetry-js-1.2.1.tgz#0b12801a683af23bcd2b90d1b83f332b3cca7f0e"
  integrity sha512-ZNuqoclscha2RC089RBPkiGzv8g+mQfBOnHDJZEGBFrvsXg0B9lfRGFBSLzCuTR5nFDqVFYb6XqMRu36EiHIDA==

"@jridgewell/gen-mapping@^0.3.0":
  version "0.3.3"
  resolved "https://registry.yarnpkg.com/@jridgewell/gen-mapping/-/gen-mapping-0.3.3.tgz#7e02e6eb5df901aaedb08514203b096614024098"
  integrity sha512-HLhSWOLRi875zjjMG/r+Nv0oCW8umGb0BgEhyX3dDX3egwZtB8PqLnjz3yedt8R5StBrzcg4aBpnh8UA9D1BoQ==
  dependencies:
    "@jridgewell/set-array" "^1.0.1"
    "@jridgewell/sourcemap-codec" "^1.4.10"
    "@jridgewell/trace-mapping" "^0.3.9"

"@jridgewell/resolve-uri@^3.1.0":
  version "3.1.1"
  resolved "https://registry.yarnpkg.com/@jridgewell/resolve-uri/-/resolve-uri-3.1.1.tgz#c08679063f279615a3326583ba3a90d1d82cc721"
  integrity sha512-dSYZh7HhCDtCKm4QakX0xFpsRDqjjtZf/kjI/v3T3Nwt5r8/qz/M19F9ySyOqU94SXBmeG9ttTul+YnR4LOxFA==

"@jridgewell/set-array@^1.0.1":
  version "1.1.2"
  resolved "https://registry.yarnpkg.com/@jridgewell/set-array/-/set-array-1.1.2.tgz#7c6cf998d6d20b914c0a55a91ae928ff25965e72"
  integrity sha512-xnkseuNADM0gt2bs+BvhO0p78Mk762YnZdsuzFV018NoG1Sj1SCQvpSqa7XUaTam5vAGasABV9qXASMKnFMwMw==

"@jridgewell/sourcemap-codec@^1.4.10", "@jridgewell/sourcemap-codec@^1.4.14", "@jridgewell/sourcemap-codec@^1.4.15":
  version "1.4.15"
  resolved "https://registry.yarnpkg.com/@jridgewell/sourcemap-codec/-/sourcemap-codec-1.4.15.tgz#d7c6e6755c78567a951e04ab52ef0fd26de59f32"
  integrity sha512-eF2rxCRulEKXHTRiDrDy6erMYWqNw4LPdQ8UQA4huuxaQsVeRPFl2oM8oDGxMFhJUWZf9McpLtJasDDZb/Bpeg==

"@jridgewell/trace-mapping@^0.3.18", "@jridgewell/trace-mapping@^0.3.9":
  version "0.3.20"
  resolved "https://registry.yarnpkg.com/@jridgewell/trace-mapping/-/trace-mapping-0.3.20.tgz#72e45707cf240fa6b081d0366f8265b0cd10197f"
  integrity sha512-R8LcPeWZol2zR8mmH3JeKQ6QRCFb7XgUhV9ZlGhHLGyg4wpPiPZNQOOWhFZhxKw8u//yTbNGI42Bx/3paXEQ+Q==
  dependencies:
    "@jridgewell/resolve-uri" "^3.1.0"
    "@jridgewell/sourcemap-codec" "^1.4.14"

"@rollup/rollup-android-arm-eabi@4.13.0":
  version "4.13.0"
  resolved "https://registry.yarnpkg.com/@rollup/rollup-android-arm-eabi/-/rollup-android-arm-eabi-4.13.0.tgz#b98786c1304b4ff8db3a873180b778649b5dff2b"
  integrity sha512-5ZYPOuaAqEH/W3gYsRkxQATBW3Ii1MfaT4EQstTnLKViLi2gLSQmlmtTpGucNP3sXEpOiI5tdGhjdE111ekyEg==

"@rollup/rollup-android-arm64@4.13.0":
  version "4.13.0"
  resolved "https://registry.yarnpkg.com/@rollup/rollup-android-arm64/-/rollup-android-arm64-4.13.0.tgz#8833679af11172b1bf1ab7cb3bad84df4caf0c9e"
  integrity sha512-BSbaCmn8ZadK3UAQdlauSvtaJjhlDEjS5hEVVIN3A4bbl3X+otyf/kOJV08bYiRxfejP3DXFzO2jz3G20107+Q==

"@rollup/rollup-darwin-arm64@4.13.0":
  version "4.13.0"
  resolved "https://registry.yarnpkg.com/@rollup/rollup-darwin-arm64/-/rollup-darwin-arm64-4.13.0.tgz#ef02d73e0a95d406e0eb4fd61a53d5d17775659b"
  integrity sha512-Ovf2evVaP6sW5Ut0GHyUSOqA6tVKfrTHddtmxGQc1CTQa1Cw3/KMCDEEICZBbyppcwnhMwcDce9ZRxdWRpVd6g==

"@rollup/rollup-darwin-x64@4.13.0":
  version "4.13.0"
  resolved "https://registry.yarnpkg.com/@rollup/rollup-darwin-x64/-/rollup-darwin-x64-4.13.0.tgz#3ce5b9bcf92b3341a5c1c58a3e6bcce0ea9e7455"
  integrity sha512-U+Jcxm89UTK592vZ2J9st9ajRv/hrwHdnvyuJpa5A2ngGSVHypigidkQJP+YiGL6JODiUeMzkqQzbCG3At81Gg==

"@rollup/rollup-linux-arm-gnueabihf@4.13.0":
  version "4.13.0"
  resolved "https://registry.yarnpkg.com/@rollup/rollup-linux-arm-gnueabihf/-/rollup-linux-arm-gnueabihf-4.13.0.tgz#3d3d2c018bdd8e037c6bfedd52acfff1c97e4be4"
  integrity sha512-8wZidaUJUTIR5T4vRS22VkSMOVooG0F4N+JSwQXWSRiC6yfEsFMLTYRFHvby5mFFuExHa/yAp9juSphQQJAijQ==

"@rollup/rollup-linux-arm64-gnu@4.13.0":
  version "4.13.0"
  resolved "https://registry.yarnpkg.com/@rollup/rollup-linux-arm64-gnu/-/rollup-linux-arm64-gnu-4.13.0.tgz#5fc8cc978ff396eaa136d7bfe05b5b9138064143"
  integrity sha512-Iu0Kno1vrD7zHQDxOmvweqLkAzjxEVqNhUIXBsZ8hu8Oak7/5VTPrxOEZXYC1nmrBVJp0ZcL2E7lSuuOVaE3+w==

"@rollup/rollup-linux-arm64-musl@4.13.0":
  version "4.13.0"
  resolved "https://registry.yarnpkg.com/@rollup/rollup-linux-arm64-musl/-/rollup-linux-arm64-musl-4.13.0.tgz#f2ae7d7bed416ffa26d6b948ac5772b520700eef"
  integrity sha512-C31QrW47llgVyrRjIwiOwsHFcaIwmkKi3PCroQY5aVq4H0A5v/vVVAtFsI1nfBngtoRpeREvZOkIhmRwUKkAdw==

"@rollup/rollup-linux-riscv64-gnu@4.13.0":
  version "4.13.0"
  resolved "https://registry.yarnpkg.com/@rollup/rollup-linux-riscv64-gnu/-/rollup-linux-riscv64-gnu-4.13.0.tgz#303d57a328ee9a50c85385936f31cf62306d30b6"
  integrity sha512-Oq90dtMHvthFOPMl7pt7KmxzX7E71AfyIhh+cPhLY9oko97Zf2C9tt/XJD4RgxhaGeAraAXDtqxvKE1y/j35lA==

"@rollup/rollup-linux-x64-gnu@4.13.0":
  version "4.13.0"
  resolved "https://registry.yarnpkg.com/@rollup/rollup-linux-x64-gnu/-/rollup-linux-x64-gnu-4.13.0.tgz#f672f6508f090fc73f08ba40ff76c20b57424778"
  integrity sha512-yUD/8wMffnTKuiIsl6xU+4IA8UNhQ/f1sAnQebmE/lyQ8abjsVyDkyRkWop0kdMhKMprpNIhPmYlCxgHrPoXoA==

"@rollup/rollup-linux-x64-musl@4.13.0":
  version "4.13.0"
  resolved "https://registry.yarnpkg.com/@rollup/rollup-linux-x64-musl/-/rollup-linux-x64-musl-4.13.0.tgz#d2f34b1b157f3e7f13925bca3288192a66755a89"
  integrity sha512-9RyNqoFNdF0vu/qqX63fKotBh43fJQeYC98hCaf89DYQpv+xu0D8QFSOS0biA7cGuqJFOc1bJ+m2rhhsKcw1hw==

"@rollup/rollup-win32-arm64-msvc@4.13.0":
  version "4.13.0"
  resolved "https://registry.yarnpkg.com/@rollup/rollup-win32-arm64-msvc/-/rollup-win32-arm64-msvc-4.13.0.tgz#8ffecc980ae4d9899eb2f9c4ae471a8d58d2da6b"
  integrity sha512-46ue8ymtm/5PUU6pCvjlic0z82qWkxv54GTJZgHrQUuZnVH+tvvSP0LsozIDsCBFO4VjJ13N68wqrKSeScUKdA==

"@rollup/rollup-win32-ia32-msvc@4.13.0":
  version "4.13.0"
  resolved "https://registry.yarnpkg.com/@rollup/rollup-win32-ia32-msvc/-/rollup-win32-ia32-msvc-4.13.0.tgz#a7505884f415662e088365b9218b2b03a88fc6f2"
  integrity sha512-P5/MqLdLSlqxbeuJ3YDeX37srC8mCflSyTrUsgbU1c/U9j6l2g2GiIdYaGD9QjdMQPMSgYm7hgg0551wHyIluw==

"@rollup/rollup-win32-x64-msvc@4.13.0":
  version "4.13.0"
  resolved "https://registry.yarnpkg.com/@rollup/rollup-win32-x64-msvc/-/rollup-win32-x64-msvc-4.13.0.tgz#6abd79db7ff8d01a58865ba20a63cfd23d9e2a10"
  integrity sha512-UKXUQNbO3DOhzLRwHSpa0HnhhCgNODvfoPWv2FCXme8N/ANFfhIPMGuOT+QuKd16+B5yxZ0HdpNlqPvTMS1qfw==

"@sveltejs/vite-plugin-svelte-inspector@^2.0.0":
  version "2.0.0"
  resolved "https://registry.yarnpkg.com/@sveltejs/vite-plugin-svelte-inspector/-/vite-plugin-svelte-inspector-2.0.0.tgz#365afaa0dd63517838ce4686a3dc3982be348a9b"
  integrity sha512-gjr9ZFg1BSlIpfZ4PRewigrvYmHWbDrq2uvvPB1AmTWKuM+dI1JXQSUu2pIrYLb/QncyiIGkFDFKTwJ0XqQZZg==
  dependencies:
    debug "^4.3.4"

"@sveltejs/vite-plugin-svelte@3.0.2":
  version "3.0.2"
  resolved "https://registry.yarnpkg.com/@sveltejs/vite-plugin-svelte/-/vite-plugin-svelte-3.0.2.tgz#5c33534d07130283cff92304f627010387c11af0"
  integrity sha512-MpmF/cju2HqUls50WyTHQBZUV3ovV/Uk8k66AN2gwHogNAG8wnW8xtZDhzNBsFJJuvmq1qnzA5kE7YfMJNFv2Q==
  dependencies:
    "@sveltejs/vite-plugin-svelte-inspector" "^2.0.0"
    debug "^4.3.4"
    deepmerge "^4.3.1"
    kleur "^4.1.5"
    magic-string "^0.30.5"
    svelte-hmr "^0.15.3"
    vitefu "^0.2.5"

"@types/estree@*", "@types/estree@1.0.5", "@types/estree@^1.0.0", "@types/estree@^1.0.1":
  version "1.0.5"
  resolved "https://registry.yarnpkg.com/@types/estree/-/estree-1.0.5.tgz#a6ce3e556e00fd9895dd872dd172ad0d4bd687f4"
  integrity sha512-/kYRxGDLWzHOB7q+wtSUQlFrtcdUccpfy+X+9iMBpHK8QLLhx2wIPYuS5DYtR9Wa/YlZAbIovy7qVdB1Aq6Lyw==

acorn@^8.10.0, acorn@^8.9.0:
  version "8.11.2"
  resolved "https://registry.yarnpkg.com/acorn/-/acorn-8.11.2.tgz#ca0d78b51895be5390a5903c5b3bdcdaf78ae40b"
  integrity sha512-nc0Axzp/0FILLEVsm4fNwLCwMttvhEI263QtVPQcbpfZZ3ts0hLsZGOpE6czNlid7CJ9MlyH8reXkpsf3YUY4w==

aria-query@^5.3.0:
  version "5.3.0"
  resolved "https://registry.yarnpkg.com/aria-query/-/aria-query-5.3.0.tgz#650c569e41ad90b51b3d7df5e5eed1c7549c103e"
  integrity sha512-b0P0sZPKtyu8HkeRAfCq0IfURZK+SuwMjY1UXGBU27wpAiTwQAIlq56IbIO+ytk/JjS1fMR14ee5WBBfKi5J6A==
  dependencies:
    dequal "^2.0.3"

axobject-query@^4.0.0:
  version "4.0.0"
  resolved "https://registry.yarnpkg.com/axobject-query/-/axobject-query-4.0.0.tgz#04a4c90dce33cc5d606c76d6216e3b250ff70dab"
  integrity sha512-+60uv1hiVFhHZeO+Lz0RYzsVHy5Wr1ayX0mwda9KPDVLNJgZ1T9Ny7VmFbLDzxsH0D87I86vgj3gFrjTJUYznw==
  dependencies:
    dequal "^2.0.3"

carbon-components-svelte@^0.85.0:
  version "0.85.0"
  resolved "https://registry.yarnpkg.com/carbon-components-svelte/-/carbon-components-svelte-0.85.0.tgz#21eca21b62137fe022c207012d2178c8c4826b93"
  integrity sha512-inJs4RE7ubiOafuiDkUkiV/np8ab63nzDNp+x2k+7kUhewtrYNTTyMHsMM/y2eQS042riXLzAxNsqF7MXm+kfA==
  dependencies:
    "@ibm/telemetry-js" "^1.2.1"
    flatpickr "4.6.9"

carbon-preprocess-svelte@^0.11.0:
  version "0.11.0"
  resolved "https://registry.yarnpkg.com/carbon-preprocess-svelte/-/carbon-preprocess-svelte-0.11.0.tgz#cf9bd8c8ffb590ab5a0a9d74979a14af0ec30858"
  integrity sha512-J0Y7yhUmtMWX+c9iLeoqFFY+Yz/neBka3JQNPMlJ1ucAqBkrCl+/9bJAHYYglK8YTfvxrMPdkSZPqyjEplF3Ww==
  dependencies:
    magic-string "^0.30.8"
    postcss "^8.4.36"
    postcss-discard-empty "^6.0.3"

code-red@^1.0.3:
  version "1.0.4"
  resolved "https://registry.yarnpkg.com/code-red/-/code-red-1.0.4.tgz#59ba5c9d1d320a4ef795bc10a28bd42bfebe3e35"
  integrity sha512-7qJWqItLA8/VPVlKJlFXU+NBlo/qyfs39aJcuMT/2ere32ZqvF5OSxgdM5xOfJJ7O429gg2HM47y8v9P+9wrNw==
  dependencies:
    "@jridgewell/sourcemap-codec" "^1.4.15"
    "@types/estree" "^1.0.1"
    acorn "^8.10.0"
    estree-walker "^3.0.3"
    periscopic "^3.1.0"

css-tree@^2.3.1:
  version "2.3.1"
  resolved "https://registry.yarnpkg.com/css-tree/-/css-tree-2.3.1.tgz#10264ce1e5442e8572fc82fbe490644ff54b5c20"
  integrity sha512-6Fv1DV/TYw//QF5IzQdqsNDjx/wc8TrMBZsqjL9eW01tWb7R7k/mq+/VXfJCl7SoD5emsJop9cOByJZfs8hYIw==
  dependencies:
    mdn-data "2.0.30"
    source-map-js "^1.0.1"

debug@^4.3.4:
  version "4.3.4"
  resolved "https://registry.yarnpkg.com/debug/-/debug-4.3.4.tgz#1319f6579357f2338d3337d2cdd4914bb5dcc865"
  integrity sha512-PRWFHuSU3eDtQJPvnNY7Jcket1j0t5OuOsFzPPzsekD52Zl8qUfFIPEiswXqIvHWGVHOgX+7G/vCNNhehwxfkQ==
  dependencies:
    ms "2.1.2"

deepmerge@^4.3.1:
  version "4.3.1"
  resolved "https://registry.yarnpkg.com/deepmerge/-/deepmerge-4.3.1.tgz#44b5f2147cd3b00d4b56137685966f26fd25dd4a"
  integrity sha512-3sUqbMEc77XqpdNO7FRyRog+eW3ph+GYCbj+rK+uYyRMuwsVy0rMiVtPn+QJlKFvWP/1PYpapqYn0Me2knFn+A==

dequal@^2.0.3:
  version "2.0.3"
  resolved "https://registry.yarnpkg.com/dequal/-/dequal-2.0.3.tgz#2644214f1997d39ed0ee0ece72335490a7ac67be"
  integrity sha512-0je+qPKHEMohvfRTCEo3CrPG6cAzAYgmzKyxRiYSSDkS6eGJdyVJm7WaYA5ECaAD9wLB2T4EEeymA5aFVcYXCA==

esbuild@^0.20.1:
  version "0.20.2"
  resolved "https://registry.yarnpkg.com/esbuild/-/esbuild-0.20.2.tgz#9d6b2386561766ee6b5a55196c6d766d28c87ea1"
  integrity sha512-WdOOppmUNU+IbZ0PaDiTst80zjnrOkyJNHoKupIcVyU8Lvla3Ugx94VzkQ32Ijqd7UhHJy75gNWDMUekcrSJ6g==
  optionalDependencies:
    "@esbuild/aix-ppc64" "0.20.2"
    "@esbuild/android-arm" "0.20.2"
    "@esbuild/android-arm64" "0.20.2"
    "@esbuild/android-x64" "0.20.2"
    "@esbuild/darwin-arm64" "0.20.2"
    "@esbuild/darwin-x64" "0.20.2"
    "@esbuild/freebsd-arm64" "0.20.2"
    "@esbuild/freebsd-x64" "0.20.2"
    "@esbuild/linux-arm" "0.20.2"
    "@esbuild/linux-arm64" "0.20.2"
    "@esbuild/linux-ia32" "0.20.2"
    "@esbuild/linux-loong64" "0.20.2"
    "@esbuild/linux-mips64el" "0.20.2"
    "@esbuild/linux-ppc64" "0.20.2"
    "@esbuild/linux-riscv64" "0.20.2"
    "@esbuild/linux-s390x" "0.20.2"
    "@esbuild/linux-x64" "0.20.2"
    "@esbuild/netbsd-x64" "0.20.2"
    "@esbuild/openbsd-x64" "0.20.2"
    "@esbuild/sunos-x64" "0.20.2"
    "@esbuild/win32-arm64" "0.20.2"
    "@esbuild/win32-ia32" "0.20.2"
    "@esbuild/win32-x64" "0.20.2"

estree-walker@^3.0.0, estree-walker@^3.0.3:
  version "3.0.3"
  resolved "https://registry.yarnpkg.com/estree-walker/-/estree-walker-3.0.3.tgz#67c3e549ec402a487b4fc193d1953a524752340d"
  integrity sha512-7RUKfXgSMMkzt6ZuXmqapOurLGPPfgj6l9uRZ7lRGolvk0y2yocc35LdcxKC5PQZdn2DMqioAQ2NoWcrTKmm6g==
  dependencies:
    "@types/estree" "^1.0.0"

flatpickr@4.6.9:
  version "4.6.9"
  resolved "https://registry.yarnpkg.com/flatpickr/-/flatpickr-4.6.9.tgz#9a13383e8a6814bda5d232eae3fcdccb97dc1499"
  integrity sha512-F0azNNi8foVWKSF+8X+ZJzz8r9sE1G4hl06RyceIaLvyltKvDl6vqk9Lm/6AUUCi5HWaIjiUbk7UpeE/fOXOpw==

fsevents@~2.3.2:
  version "2.3.2"
  resolved "https://registry.yarnpkg.com/fsevents/-/fsevents-2.3.2.tgz#8a526f78b8fdf4623b709e0b975c52c24c02fd1a"
  integrity sha512-xiqMQR4xAeHTuB9uWm+fFRcIOgKBMiOBP+eXiyT7jsgVCq1bkVygt00oASowB7EdtpOHaaPgKt812P9ab+DDKA==

fsevents@~2.3.3:
  version "2.3.3"
  resolved "https://registry.yarnpkg.com/fsevents/-/fsevents-2.3.3.tgz#cac6407785d03675a2a5e1a5305c697b347d90d6"
  integrity sha512-5xoDfX+fL7faATnagmWPpbFtwh/R77WmMMqqHGS65C3vvB0YHrgF+B1YmZ3441tMj5n63k0212XNoJwzlhffQw==

is-reference@^3.0.0, is-reference@^3.0.1:
  version "3.0.2"
  resolved "https://registry.yarnpkg.com/is-reference/-/is-reference-3.0.2.tgz#154747a01f45cd962404ee89d43837af2cba247c"
  integrity sha512-v3rht/LgVcsdZa3O2Nqs+NMowLOxeOm7Ay9+/ARQ2F+qEoANRcqrjAZKGN0v8ymUetZGgkp26LTnGT7H0Qo9Pg==
  dependencies:
    "@types/estree" "*"

kleur@^4.1.5:
  version "4.1.5"
  resolved "https://registry.yarnpkg.com/kleur/-/kleur-4.1.5.tgz#95106101795f7050c6c650f350c683febddb1780"
  integrity sha512-o+NO+8WrRiQEE4/7nwRJhN1HWpVmJm511pBHUxPLtp0BUISzlBplORYSmTclCnJvQq2tKu/sgl3xVpkc7ZWuQQ==

locate-character@^3.0.0:
  version "3.0.0"
  resolved "https://registry.yarnpkg.com/locate-character/-/locate-character-3.0.0.tgz#0305c5b8744f61028ef5d01f444009e00779f974"
  integrity sha512-SW13ws7BjaeJ6p7Q6CO2nchbYEc3X3J6WrmTTDto7yMPqVSZTUyY5Tjbid+Ab8gLnATtygYtiDIJGQRRn2ZOiA==

magic-string@^0.30.4, magic-string@^0.30.5:
  version "0.30.5"
  resolved "https://registry.yarnpkg.com/magic-string/-/magic-string-0.30.5.tgz#1994d980bd1c8835dc6e78db7cbd4ae4f24746f9"
  integrity sha512-7xlpfBaQaP/T6Vh8MO/EqXSW5En6INHEvEXQiuff7Gku0PWjU3uf6w/j9o7O+SpB5fOAkrI5HeoNgwjEO0pFsA==
  dependencies:
    "@jridgewell/sourcemap-codec" "^1.4.15"

magic-string@^0.30.8:
  version "0.30.8"
  resolved "https://registry.yarnpkg.com/magic-string/-/magic-string-0.30.8.tgz#14e8624246d2bedba70d5462aa99ac9681844613"
  integrity sha512-ISQTe55T2ao7XtlAStud6qwYPZjE4GK1S/BeVPus4jrq6JuOnQ00YKQC581RWhR122W7msZV263KzVeLoqidyQ==
  dependencies:
    "@jridgewell/sourcemap-codec" "^1.4.15"

mdn-data@2.0.30:
  version "2.0.30"
  resolved "https://registry.yarnpkg.com/mdn-data/-/mdn-data-2.0.30.tgz#ce4df6f80af6cfbe218ecd5c552ba13c4dfa08cc"
  integrity sha512-GaqWWShW4kv/G9IEucWScBx9G1/vsFZZJUO+tD26M8J8z3Kw5RDQjaoZe03YAClgeS/SWPOcb4nkFBTEi5DUEA==

ms@2.1.2:
  version "2.1.2"
  resolved "https://registry.yarnpkg.com/ms/-/ms-2.1.2.tgz#d09d1f357b443f493382a8eb3ccd183872ae6009"
  integrity sha512-sGkPx+VjMtmA6MX27oA4FBFELFCZZ4S4XqeGOXCv68tT+jb3vk/RyaKWP0PTKyWtmLSM0b+adUTEvbs1PEaH2w==

nanoid@^3.3.7:
  version "3.3.7"
  resolved "https://registry.yarnpkg.com/nanoid/-/nanoid-3.3.7.tgz#d0c301a691bc8d54efa0a2226ccf3fe2fd656bd8"
  integrity sha512-eSRppjcPIatRIMC1U6UngP8XFcz8MQWGQdt1MTBQ7NaAmvXDfvNxbvWV3x2y6CdEUciCSsDHDQZbhYaB8QEo2g==

periscopic@^3.1.0:
  version "3.1.0"
  resolved "https://registry.yarnpkg.com/periscopic/-/periscopic-3.1.0.tgz#7e9037bf51c5855bd33b48928828db4afa79d97a"
  integrity sha512-vKiQ8RRtkl9P+r/+oefh25C3fhybptkHKCZSPlcXiJux2tJF55GnEj3BVn4A5gKfq9NWWXXrxkHBwVPUfH0opw==
  dependencies:
    "@types/estree" "^1.0.0"
    estree-walker "^3.0.0"
    is-reference "^3.0.0"

picocolors@^1.0.0:
  version "1.0.0"
  resolved "https://registry.yarnpkg.com/picocolors/-/picocolors-1.0.0.tgz#cb5bdc74ff3f51892236eaf79d68bc44564ab81c"
  integrity sha512-1fygroTLlHu66zi26VoTDv8yRgm0Fccecssto+MhsZ0D/DGW2sm8E8AjW7NU5VVTRt5GxbeZ5qBuJr+HyLYkjQ==

postcss-discard-empty@^6.0.3:
  version "6.0.3"
  resolved "https://registry.yarnpkg.com/postcss-discard-empty/-/postcss-discard-empty-6.0.3.tgz#ee39c327219bb70473a066f772621f81435a79d9"
  integrity sha512-znyno9cHKQsK6PtxL5D19Fj9uwSzC2mB74cpT66fhgOadEUPyXFkbgwm5tvc3bt3NAy8ltE5MrghxovZRVnOjQ==

postcss@^8.4.36:
  version "8.4.38"
  resolved "https://registry.yarnpkg.com/postcss/-/postcss-8.4.38.tgz#b387d533baf2054288e337066d81c6bee9db9e0e"
  integrity sha512-Wglpdk03BSfXkHoQa3b/oulrotAkwrlLDRSOb9D0bN86FdRyE9lppSp33aHNPgBa0JKCoB+drFLZkQoRRYae5A==
  dependencies:
    nanoid "^3.3.7"
    picocolors "^1.0.0"
    source-map-js "^1.2.0"

rollup@^4.13.0:
  version "4.13.0"
  resolved "https://registry.yarnpkg.com/rollup/-/rollup-4.13.0.tgz#dd2ae144b4cdc2ea25420477f68d4937a721237a"
  integrity sha512-3YegKemjoQnYKmsBlOHfMLVPPA5xLkQ8MHLLSw/fBrFaVkEayL51DilPpNNLq1exr98F2B1TzrV0FUlN3gWRPg==
  dependencies:
    "@types/estree" "1.0.5"
  optionalDependencies:
    "@rollup/rollup-android-arm-eabi" "4.13.0"
    "@rollup/rollup-android-arm64" "4.13.0"
    "@rollup/rollup-darwin-arm64" "4.13.0"
    "@rollup/rollup-darwin-x64" "4.13.0"
    "@rollup/rollup-linux-arm-gnueabihf" "4.13.0"
    "@rollup/rollup-linux-arm64-gnu" "4.13.0"
    "@rollup/rollup-linux-arm64-musl" "4.13.0"
    "@rollup/rollup-linux-riscv64-gnu" "4.13.0"
    "@rollup/rollup-linux-x64-gnu" "4.13.0"
    "@rollup/rollup-linux-x64-musl" "4.13.0"
    "@rollup/rollup-win32-arm64-msvc" "4.13.0"
    "@rollup/rollup-win32-ia32-msvc" "4.13.0"
    "@rollup/rollup-win32-x64-msvc" "4.13.0"
    fsevents "~2.3.2"

source-map-js@^1.0.1:
  version "1.0.2"
  resolved "https://registry.yarnpkg.com/source-map-js/-/source-map-js-1.0.2.tgz#adbc361d9c62df380125e7f161f71c826f1e490c"
  integrity sha512-R0XvVJ9WusLiqTCEiGCmICCMplcCkIwwR11mOSD9CR5u+IXYdiseeEuXCVAjS54zqwkLcPNnmU4OeJ6tUrWhDw==

source-map-js@^1.2.0:
  version "1.2.0"
  resolved "https://registry.yarnpkg.com/source-map-js/-/source-map-js-1.2.0.tgz#16b809c162517b5b8c3e7dcd315a2a5c2612b2af"
  integrity sha512-itJW8lvSA0TXEphiRoawsCksnlf8SyvmFzIhltqAHluXd88pkCd+cXJVHTDwdCr0IzwptSm035IHQktUu1QUMg==

svelte-hmr@^0.15.3:
  version "0.15.3"
  resolved "https://registry.yarnpkg.com/svelte-hmr/-/svelte-hmr-0.15.3.tgz#df54ccde9be3f091bf5f18fc4ef7b8eb6405fbe6"
  integrity sha512-41snaPswvSf8TJUhlkoJBekRrABDXDMdpNpT2tfHIv4JuhgvHqLMhEPGtaQn0BmbNSTkuz2Ed20DF2eHw0SmBQ==

svelte@^4.2.12:
  version "4.2.12"
  resolved "https://registry.yarnpkg.com/svelte/-/svelte-4.2.12.tgz#13d98d2274d24d3ad216c8fdc801511171c70bb1"
  integrity sha512-d8+wsh5TfPwqVzbm4/HCXC783/KPHV60NvwitJnyTA5lWn1elhXMNWhXGCJ7PwPa8qFUnyJNIyuIRt2mT0WMug==
  dependencies:
    "@ampproject/remapping" "^2.2.1"
    "@jridgewell/sourcemap-codec" "^1.4.15"
    "@jridgewell/trace-mapping" "^0.3.18"
    "@types/estree" "^1.0.1"
    acorn "^8.9.0"
    aria-query "^5.3.0"
    axobject-query "^4.0.0"
    code-red "^1.0.3"
    css-tree "^2.3.1"
    estree-walker "^3.0.3"
    is-reference "^3.0.1"
    locate-character "^3.0.0"
    magic-string "^0.30.4"
    periscopic "^3.1.0"

vite@^5.2.4:
  version "5.2.4"
  resolved "https://registry.yarnpkg.com/vite/-/vite-5.2.4.tgz#cd4065f8ae2164bcd4fe04570066351fc5c62f72"
  integrity sha512-vjFghvHWidBTinu5TCymJk/lRHlR5ljqB83yugr0HA1xspUPdOZHqbqDLnZ8f9/jINrtFHTCYYyIUi+o+Q5iyg==
  dependencies:
    esbuild "^0.20.1"
    postcss "^8.4.36"
    rollup "^4.13.0"
  optionalDependencies:
    fsevents "~2.3.3"

vitefu@^0.2.5:
  version "0.2.5"
  resolved "https://registry.yarnpkg.com/vitefu/-/vitefu-0.2.5.tgz#c1b93c377fbdd3e5ddd69840ea3aa70b40d90969"
  integrity sha512-SgHtMLoqaeeGnd2evZ849ZbACbnwQCIwRH57t18FxcXoZop0uQu0uzlIhJBlF/eWVzuce0sHeqPcDo+evVcg8Q==
