# THIS IS AN AUTOGENERATED FILE. DO NOT EDIT THIS FILE DIRECTLY.
# yarn lockfile v1


"@rollup/pluginutils@^4.1.1":
  version "4.1.1"
  resolved "https://registry.yarnpkg.com/@rollup/pluginutils/-/pluginutils-4.1.1.tgz#1d4da86dd4eded15656a57d933fda2b9a08d47ec"
  integrity sha512-clDjivHqWGXi7u+0d2r2sBi4Ie6VLEAzWMIkvJLnDmxoOhBYOTfzGbOQBA32THHm11/LiJbd01tJUpJsbshSWQ==
  dependencies:
    estree-walker "^2.0.1"
    picomatch "^2.2.2"

"@sveltejs/kit@next":
  version "1.0.0-next.132"
  resolved "https://registry.yarnpkg.com/@sveltejs/kit/-/kit-1.0.0-next.132.tgz#b041ce59a7972a341063422495031a8563e3f8ca"
  integrity sha512-mX3ihuyTQr3302ZpihG3gXfTBcDPODlJ6ZoYu6f7TGo8+1OdpuDdozgi1CKLkrUBHYGnPO4E75XOVKlgJLjBQw==
  dependencies:
    "@sveltejs/vite-plugin-svelte" "^1.0.0-next.12"
    cheap-watch "^1.0.3"
    sade "^1.7.4"
    vite "^2.4.1"

"@sveltejs/vite-plugin-svelte@^1.0.0-next.12":
  version "1.0.0-next.13"
  resolved "https://registry.yarnpkg.com/@sveltejs/vite-plugin-svelte/-/vite-plugin-svelte-1.0.0-next.13.tgz#2f47d825e170eaa7e173064e7577f543bea9501f"
  integrity sha512-hzacNmIOR55aE+yQj750R90+BbQERRVGjlu6TQLgy+Aw2bPmRJMLKvS/NmwO+I66DEiWQdFFHR+lxtwH4bbbXw==
  dependencies:
    "@rollup/pluginutils" "^4.1.1"
    debug "^4.3.2"
    diff-match-patch "^1.0.5"
    kleur "^4.1.4"
    magic-string "^0.25.7"
    require-relative "^0.8.7"
    svelte-hmr "^0.14.6"

"@types/node@*":
  version "16.3.3"
  resolved "https://registry.yarnpkg.com/@types/node/-/node-16.3.3.tgz#0c30adff37bbbc7a50eb9b58fae2a504d0d88038"
  integrity sha512-8h7k1YgQKxKXWckzFCMfsIwn0Y61UK6tlD6y2lOb3hTOIMlK3t9/QwHOhc81TwU+RMf0As5fj7NPjroERCnejQ==

"@types/pug@^2.0.4":
  version "2.0.5"
  resolved "https://registry.yarnpkg.com/@types/pug/-/pug-2.0.5.tgz#69bc700934dd473c7ab97270bd2dbacefe562231"
  integrity sha512-LOnASQoeNZMkzexRuyqcBBDZ6rS+rQxUMkmj5A0PkhhiSZivLIuz6Hxyr1mkGoEZEkk66faROmpMi4fFkrKsBA==

"@types/sass@^1.16.0":
  version "1.16.1"
  resolved "https://registry.yarnpkg.com/@types/sass/-/sass-1.16.1.tgz#cf465bd1fea486d0331f760db023de14daf4980d"
  integrity sha512-iZUcRrGuz/Tbg3loODpW7vrQJkUtpY2fFSf4ELqqkApcS2TkZ1msk7ie8iZPB86lDOP8QOTTmuvWjc5S0R9OjQ==
  dependencies:
    "@types/node" "*"

balanced-match@^1.0.0:
  version "1.0.2"
  resolved "https://registry.yarnpkg.com/balanced-match/-/balanced-match-1.0.2.tgz#e83e3a7e3f300b34cb9d87f615fa0cbf357690ee"
  integrity sha512-3oSeUO0TMV67hN1AmbXsK4yaqU7tjiHlbxRDZOpH0KW9+CeX4bRAaX0Anxt0tx2MrpRpWwQaPwIlISEJhYU5Pw==

brace-expansion@^1.1.7:
  version "1.1.11"
  resolved "https://registry.yarnpkg.com/brace-expansion/-/brace-expansion-1.1.11.tgz#3c7fcbf529d87226f3d2f52b966ff5271eb441dd"
  integrity sha512-iCuPHDFgrHX7H2vEI/5xpz07zSHB00TpugqhmYtVmMO6518mCuRMoOYFldEBl0g187ufozdaHgWKcYFb61qGiA==
  dependencies:
    balanced-match "^1.0.0"
    concat-map "0.0.1"

carbon-components-svelte@^0.41.0:
  version "0.41.0"
  resolved "https://registry.yarnpkg.com/carbon-components-svelte/-/carbon-components-svelte-0.41.0.tgz#55e19b4623ececcc88bd6a7c0c3b78a2b727a9fe"
  integrity sha512-cfj3Vla2ovR5ed2kO1qEYEm5D46I9o4GmFJkPO7A4800w8qY3ETGDpL1d6R9gGhGStmqYPHza/uvUjxN9pcczA==
  dependencies:
    carbon-icons-svelte "^10.27.0"
    flatpickr "4.6.9"

carbon-icons-svelte@^10.27.0:
  version "10.35.0"
  resolved "https://registry.yarnpkg.com/carbon-icons-svelte/-/carbon-icons-svelte-10.35.0.tgz#b154243902b3ca26c563e4d2ebcfceb8cc03be34"
  integrity sha512-GGh6tCWOUL7UjObSECpLfQ83k2xKfJRJTy6uy4v/R1BKj/Nk3bPc1vNyEwygHYI0JjPRNMbPCc53qisBPb1JGA==

carbon-preprocess-svelte@^0.6.0:
  version "0.6.0"
  resolved "https://registry.yarnpkg.com/carbon-preprocess-svelte/-/carbon-preprocess-svelte-0.6.0.tgz#a2a2a7f7a23185bc38956a5b5250e97c5737c788"
  integrity sha512-z/SOcB1jqrodshM87YPWdTcLdQzCKKLiWueM4RPfTIz9EIo7DgJSn0gbnVtEOk8Vy/xOZ0EnnAu5fY8ualzngQ==
  dependencies:
    purgecss "^4.0.3"
    svelte-preprocess "^4.7.3"
    typescript "^4.2.4"

cheap-watch@^1.0.3:
  version "1.0.3"
  resolved "https://registry.yarnpkg.com/cheap-watch/-/cheap-watch-1.0.3.tgz#3c4265718bcf8f1ae08f5e450f9f4693432e028e"
  integrity sha512-xC5CruMhLzjPwJ5ecUxGu1uGmwJQykUhqd2QrCrYbwvsFYdRyviu6jG9+pccwDXJR/OpmOTOJ9yLFunVgQu9wg==

colorette@^1.2.2:
  version "1.2.2"
  resolved "https://registry.yarnpkg.com/colorette/-/colorette-1.2.2.tgz#cbcc79d5e99caea2dbf10eb3a26fd8b3e6acfa94"
  integrity sha512-MKGMzyfeuutC/ZJ1cba9NqcNpfeqMUcYmyF1ZFY6/Cn7CNSAKx6a+s48sqLqyAiZuaP2TcqMhoo+dlwFnVxT9w==

commander@^6.0.0:
  version "6.2.1"
  resolved "https://registry.yarnpkg.com/commander/-/commander-6.2.1.tgz#0792eb682dfbc325999bb2b84fddddba110ac73c"
  integrity sha512-U7VdrJFnJgo4xjrHpTzu0yrHPGImdsmD95ZlgYSEajAn2JKzDhDTPG9kBTefmObL2w/ngeZnilk+OV9CG3d7UA==

concat-map@0.0.1:
  version "0.0.1"
  resolved "https://registry.yarnpkg.com/concat-map/-/concat-map-0.0.1.tgz#d8a96bd77fd68df7793a73036a3ba0d5405d477b"
  integrity sha1-2Klr13/Wjfd5OnMDajug1UBdR3s=

cssesc@^3.0.0:
  version "3.0.0"
  resolved "https://registry.yarnpkg.com/cssesc/-/cssesc-3.0.0.tgz#37741919903b868565e1c09ea747445cd18983ee"
  integrity sha512-/Tb/JcjK111nNScGob5MNtsntNM1aCNUDipB/TkwZFhyDrrE47SOx/18wF2bbjgc3ZzCSKW1T5nt5EbFoAz/Vg==

debug@^4.3.2:
  version "4.3.2"
  resolved "https://registry.yarnpkg.com/debug/-/debug-4.3.2.tgz#f0a49c18ac8779e31d4a0c6029dfb76873c7428b"
  integrity sha512-mOp8wKcvj7XxC78zLgw/ZA+6TSgkoE2C/ienthhRD298T7UNwAg9diBpLRxC0mOezLl4B0xV7M0cCO6P/O0Xhw==
  dependencies:
    ms "2.1.2"

detect-indent@^6.0.0:
  version "6.1.0"
  resolved "https://registry.yarnpkg.com/detect-indent/-/detect-indent-6.1.0.tgz#592485ebbbf6b3b1ab2be175c8393d04ca0d57e6"
  integrity sha512-reYkTUJAZb9gUuZ2RvVCNhVHdg62RHnJ7WJl8ftMi4diZ6NWlciOzQN88pUhSELEwflJht4oQDv0F0BMlwaYtA==

diff-match-patch@^1.0.5:
  version "1.0.5"
  resolved "https://registry.yarnpkg.com/diff-match-patch/-/diff-match-patch-1.0.5.tgz#abb584d5f10cd1196dfc55aa03701592ae3f7b37"
  integrity sha512-IayShXAgj/QMXgB0IWmKx+rOPuGMhqm5w6jvFxmVenXKIzRqTAAsbBPT3kWQeGANj3jGgvcvv4yK6SxqYmikgw==

esbuild@^0.12.8:
  version "0.12.15"
  resolved "https://registry.yarnpkg.com/esbuild/-/esbuild-0.12.15.tgz#9d99cf39aeb2188265c5983e983e236829f08af0"
  integrity sha512-72V4JNd2+48eOVCXx49xoSWHgC3/cCy96e7mbXKY+WOWghN00cCmlGnwVLRhRHorvv0dgCyuMYBZlM2xDM5OQw==

estree-walker@^2.0.1:
  version "2.0.2"
  resolved "https://registry.yarnpkg.com/estree-walker/-/estree-walker-2.0.2.tgz#52f010178c2a4c117a7757cfe942adb7d2da4cac"
  integrity sha512-Rfkk/Mp/DL7JVje3u18FxFujQlTNR2q6QfMSMB7AvCBx91NGj/ba3kCfza0f6dVDbw7YlRf/nDrn7pQrCCyQ/w==

flatpickr@4.6.9:
  version "4.6.9"
  resolved "https://registry.yarnpkg.com/flatpickr/-/flatpickr-4.6.9.tgz#9a13383e8a6814bda5d232eae3fcdccb97dc1499"
  integrity sha512-F0azNNi8foVWKSF+8X+ZJzz8r9sE1G4hl06RyceIaLvyltKvDl6vqk9Lm/6AUUCi5HWaIjiUbk7UpeE/fOXOpw==

fs.realpath@^1.0.0:
  version "1.0.0"
  resolved "https://registry.yarnpkg.com/fs.realpath/-/fs.realpath-1.0.0.tgz#1504ad2523158caa40db4a2787cb01411994ea4f"
  integrity sha1-FQStJSMVjKpA20onh8sBQRmU6k8=

fsevents@~2.3.2:
  version "2.3.2"
  resolved "https://registry.yarnpkg.com/fsevents/-/fsevents-2.3.2.tgz#8a526f78b8fdf4623b709e0b975c52c24c02fd1a"
  integrity sha512-xiqMQR4xAeHTuB9uWm+fFRcIOgKBMiOBP+eXiyT7jsgVCq1bkVygt00oASowB7EdtpOHaaPgKt812P9ab+DDKA==

function-bind@^1.1.1:
  version "1.1.1"
  resolved "https://registry.yarnpkg.com/function-bind/-/function-bind-1.1.1.tgz#a56899d3ea3c9bab874bb9773b7c5ede92f4895d"
  integrity sha512-yIovAzMX49sF8Yl58fSCWJ5svSLuaibPxXQJFLmBObTuCr0Mf1KiPopGM9NiFjiYBCbfaa2Fh6breQ6ANVTI0A==

glob@^7.0.0:
  version "7.1.7"
  resolved "https://registry.yarnpkg.com/glob/-/glob-7.1.7.tgz#3b193e9233f01d42d0b3f78294bbeeb418f94a90"
  integrity sha512-OvD9ENzPLbegENnYP5UUfJIirTg4+XwMWGaQfQTY0JenxNvvIKP3U3/tAQSPIu/lHxXYSZmpXlUHeqAIdKzBLQ==
  dependencies:
    fs.realpath "^1.0.0"
    inflight "^1.0.4"
    inherits "2"
    minimatch "^3.0.4"
    once "^1.3.0"
    path-is-absolute "^1.0.0"

has@^1.0.3:
  version "1.0.3"
  resolved "https://registry.yarnpkg.com/has/-/has-1.0.3.tgz#722d7cbfc1f6aa8241f16dd814e011e1f41e8796"
  integrity sha512-f2dvO0VU6Oej7RkWJGrehjbzMAjFp5/VKPp5tTpWIV4JHHZK1/BxbFRtf/siA2SWTe09caDmVtYYzWEIbBS4zw==
  dependencies:
    function-bind "^1.1.1"

inflight@^1.0.4:
  version "1.0.6"
  resolved "https://registry.yarnpkg.com/inflight/-/inflight-1.0.6.tgz#49bd6331d7d02d0c09bc910a1075ba8165b56df9"
  integrity sha1-Sb1jMdfQLQwJvJEKEHW6gWW1bfk=
  dependencies:
    once "^1.3.0"
    wrappy "1"

inherits@2:
  version "2.0.4"
  resolved "https://registry.yarnpkg.com/inherits/-/inherits-2.0.4.tgz#0fa2c64f932917c3433a0ded55363aae37416b7c"
  integrity sha512-k/vGaX4/Yla3WzyMCvTQOXYeIHvqOKtnqBduzTHpzpQZzAskKMhZ2K+EnBiSM9zGSoIFeMpXKxa4dYeZIQqewQ==

is-core-module@^2.2.0:
  version "2.5.0"
  resolved "https://registry.yarnpkg.com/is-core-module/-/is-core-module-2.5.0.tgz#f754843617c70bfd29b7bd87327400cda5c18491"
  integrity sha512-TXCMSDsEHMEEZ6eCA8rwRDbLu55MRGmrctljsBX/2v1d9/GzqHOxW5c5oPSgrUt2vBFXebu9rGqckXGPWOlYpg==
  dependencies:
    has "^1.0.3"

kleur@^4.1.4:
  version "4.1.4"
  resolved "https://registry.yarnpkg.com/kleur/-/kleur-4.1.4.tgz#8c202987d7e577766d039a8cd461934c01cda04d"
  integrity sha512-8QADVssbrFjivHWQU7KkMgptGTl6WAcSdlbBPY4uNF+mWr6DGcKrvY2w4FQJoXch7+fKMjj0dRrL75vk3k23OA==

magic-string@^0.25.7:
  version "0.25.7"
  resolved "https://registry.yarnpkg.com/magic-string/-/magic-string-0.25.7.tgz#3f497d6fd34c669c6798dcb821f2ef31f5445051"
  integrity sha512-4CrMT5DOHTDk4HYDlzmwu4FVCcIYI8gauveasrdCu2IKIFOJ3f0v/8MDGJCDL9oD2ppz/Av1b0Nj345H9M+XIA==
  dependencies:
    sourcemap-codec "^1.4.4"

min-indent@^1.0.0:
  version "1.0.1"
  resolved "https://registry.yarnpkg.com/min-indent/-/min-indent-1.0.1.tgz#a63f681673b30571fbe8bc25686ae746eefa9869"
  integrity sha512-I9jwMn07Sy/IwOj3zVkVik2JTvgpaykDZEigL6Rx6N9LbMywwUSMtxET+7lVoDLLd3O3IXwJwvuuns8UB/HeAg==

minimatch@^3.0.4:
  version "3.0.4"
  resolved "https://registry.yarnpkg.com/minimatch/-/minimatch-3.0.4.tgz#5166e286457f03306064be5497e8dbb0c3d32083"
  integrity sha512-yJHVQEhyqPLUTgt9B83PXu6W3rx4MvvHvSUvToogpwoGDOUQ+yDrR0HRot+yOCdCO7u4hX3pWft6kWBBcqh0UA==
  dependencies:
    brace-expansion "^1.1.7"

mri@^1.1.0:
  version "1.1.6"
  resolved "https://registry.yarnpkg.com/mri/-/mri-1.1.6.tgz#49952e1044db21dbf90f6cd92bc9c9a777d415a6"
  integrity sha512-oi1b3MfbyGa7FJMP9GmLTttni5JoICpYBRlq+x5V16fZbLsnL9N3wFqqIm/nIG43FjUFkFh9Epzp/kzUGUnJxQ==

ms@2.1.2:
  version "2.1.2"
  resolved "https://registry.yarnpkg.com/ms/-/ms-2.1.2.tgz#d09d1f357b443f493382a8eb3ccd183872ae6009"
  integrity sha512-sGkPx+VjMtmA6MX27oA4FBFELFCZZ4S4XqeGOXCv68tT+jb3vk/RyaKWP0PTKyWtmLSM0b+adUTEvbs1PEaH2w==

nanoid@^3.1.23:
  version "3.1.23"
  resolved "https://registry.yarnpkg.com/nanoid/-/nanoid-3.1.23.tgz#f744086ce7c2bc47ee0a8472574d5c78e4183a81"
  integrity sha512-FiB0kzdP0FFVGDKlRLEQ1BgDzU87dy5NnzjeW9YZNt+/c3+q82EQDUwniSAUxp/F0gFNI1ZhKU1FqYsMuqZVnw==

once@^1.3.0:
  version "1.4.0"
  resolved "https://registry.yarnpkg.com/once/-/once-1.4.0.tgz#583b1aa775961d4b113ac17d9c50baef9dd76bd1"
  integrity sha1-WDsap3WWHUsROsF9nFC6753Xa9E=
  dependencies:
    wrappy "1"

path-is-absolute@^1.0.0:
  version "1.0.1"
  resolved "https://registry.yarnpkg.com/path-is-absolute/-/path-is-absolute-1.0.1.tgz#174b9268735534ffbc7ace6bf53a5a9e1b5c5f5f"
  integrity sha1-F0uSaHNVNP+8es5r9TpanhtcX18=

path-parse@^1.0.6:
  version "1.0.7"
  resolved "https://registry.yarnpkg.com/path-parse/-/path-parse-1.0.7.tgz#fbc114b60ca42b30d9daf5858e4bd68bbedb6735"
  integrity sha512-LDJzPVEEEPR+y48z93A0Ed0yXb8pAByGWo/k5YYdYgpY2/2EsOsksJrq7lOHxryrVOn1ejG6oAp8ahvOIQD8sw==

picomatch@^2.2.2:
  version "2.3.0"
  resolved "https://registry.yarnpkg.com/picomatch/-/picomatch-2.3.0.tgz#f1f061de8f6a4bf022892e2d128234fb98302972"
  integrity sha512-lY1Q/PiJGC2zOv/z391WOTD+Z02bCgsFfvxoXXf6h7kv9o+WmsmzYqrAwY63sNgOxE4xEdq0WyUnXfKeBrSvYw==

postcss-selector-parser@^6.0.2:
  version "6.0.6"
  resolved "https://registry.yarnpkg.com/postcss-selector-parser/-/postcss-selector-parser-6.0.6.tgz#2c5bba8174ac2f6981ab631a42ab0ee54af332ea"
  integrity sha512-9LXrvaaX3+mcv5xkg5kFwqSzSH1JIObIx51PrndZwlmznwXRfxMddDvo9gve3gVR8ZTKgoFDdWkbRFmEhT4PMg==
  dependencies:
    cssesc "^3.0.0"
    util-deprecate "^1.0.2"

postcss@^8.2.1, postcss@^8.3.5:
  version "8.3.5"
  resolved "https://registry.yarnpkg.com/postcss/-/postcss-8.3.5.tgz#982216b113412bc20a86289e91eb994952a5b709"
  integrity sha512-NxTuJocUhYGsMiMFHDUkmjSKT3EdH4/WbGF6GCi1NDGk+vbcUTun4fpbOqaPtD8IIsztA2ilZm2DhYCuyN58gA==
  dependencies:
    colorette "^1.2.2"
    nanoid "^3.1.23"
    source-map-js "^0.6.2"

purgecss@^4.0.3:
  version "4.0.3"
  resolved "https://registry.yarnpkg.com/purgecss/-/purgecss-4.0.3.tgz#8147b429f9c09db719e05d64908ea8b672913742"
  integrity sha512-PYOIn5ibRIP34PBU9zohUcCI09c7drPJJtTDAc0Q6QlRz2/CHQ8ywGLdE7ZhxU2VTqB7p5wkvj5Qcm05Rz3Jmw==
  dependencies:
    commander "^6.0.0"
    glob "^7.0.0"
    postcss "^8.2.1"
    postcss-selector-parser "^6.0.2"

require-relative@^0.8.7:
  version "0.8.7"
  resolved "https://registry.yarnpkg.com/require-relative/-/require-relative-0.8.7.tgz#7999539fc9e047a37928fa196f8e1563dabd36de"
  integrity sha1-eZlTn8ngR6N5KPoZb44VY9q9Nt4=

resolve@^1.20.0:
  version "1.20.0"
  resolved "https://registry.yarnpkg.com/resolve/-/resolve-1.20.0.tgz#629a013fb3f70755d6f0b7935cc1c2c5378b1975"
  integrity sha512-wENBPt4ySzg4ybFQW2TT1zMQucPK95HSh/nq2CFTZVOGut2+pQvSsgtda4d26YrYcr067wjbmzOG8byDPBX63A==
  dependencies:
    is-core-module "^2.2.0"
    path-parse "^1.0.6"

rollup@^2.38.5:
  version "2.53.2"
  resolved "https://registry.yarnpkg.com/rollup/-/rollup-2.53.2.tgz#3279f9bfba1fe446585560802e418c5fbcaefa51"
  integrity sha512-1CtEYuS5CRCzFZ7SNW5528SlDlk4VDXIRGwbm/2POQxA/G4+7/crIqJwkmnj8Q/74hGx4oVlNvh4E1CJQ5hZ6w==
  optionalDependencies:
    fsevents "~2.3.2"

sade@^1.7.4:
  version "1.7.4"
  resolved "https://registry.yarnpkg.com/sade/-/sade-1.7.4.tgz#ea681e0c65d248d2095c90578c03ca0bb1b54691"
  integrity sha512-y5yauMD93rX840MwUJr7C1ysLFBgMspsdTo4UVrDg3fXDvtwOyIqykhVAAm6fk/3au77773itJStObgK+LKaiA==
  dependencies:
    mri "^1.1.0"

source-map-js@^0.6.2:
  version "0.6.2"
  resolved "https://registry.yarnpkg.com/source-map-js/-/source-map-js-0.6.2.tgz#0bb5de631b41cfbda6cfba8bd05a80efdfd2385e"
  integrity sha512-/3GptzWzu0+0MBQFrDKzw/DvvMTUORvgY6k6jd/VS6iCR4RDTKWH6v6WPwQoUO8667uQEf9Oe38DxAYWY5F/Ug==

sourcemap-codec@^1.4.4:
  version "1.4.8"
  resolved "https://registry.yarnpkg.com/sourcemap-codec/-/sourcemap-codec-1.4.8.tgz#ea804bd94857402e6992d05a38ef1ae35a9ab4c4"
  integrity sha512-9NykojV5Uih4lgo5So5dtw+f0JgJX30KCNI8gwhz2J9A15wD0Ml6tjHKwf6fTSa6fAdVBdZeNOs9eJ71qCk8vA==

strip-indent@^3.0.0:
  version "3.0.0"
  resolved "https://registry.yarnpkg.com/strip-indent/-/strip-indent-3.0.0.tgz#c32e1cee940b6b3432c771bc2c54bcce73cd3001"
  integrity sha512-laJTa3Jb+VQpaC6DseHhF7dXVqHTfJPCRDaEbid/drOhgitgYku/letMUqOXFoWV0zIIUbjpdH2t+tYj4bQMRQ==
  dependencies:
    min-indent "^1.0.0"

svelte-hmr@^0.14.6:
  version "0.14.6"
  resolved "https://registry.yarnpkg.com/svelte-hmr/-/svelte-hmr-0.14.6.tgz#d3f3be88bebb50ef2fb1ed4ebfb8ba4f03874098"
  integrity sha512-0oXQmRiEh3uNjyVQiGmIE7imbKO4dYc1WL6XRXTC0X9XbSacJgj9MOLguqqbZygPsNnlglhlk4eB0pCmM6nQAA==

svelte-preprocess@^4.7.3:
  version "4.7.4"
  resolved "https://registry.yarnpkg.com/svelte-preprocess/-/svelte-preprocess-4.7.4.tgz#e4d5208ab25c2aaaf19e837f7d7bbf7930e61d2b"
  integrity sha512-mDAmaltQl6e5zU2VEtoWEf7eLTfuOTGr9zt+BpA3AGHo8MIhKiNSPE9OLTCTOMgj0vj/uL9QBbaNmpG4G1CgIA==
  dependencies:
    "@types/pug" "^2.0.4"
    "@types/sass" "^1.16.0"
    detect-indent "^6.0.0"
    strip-indent "^3.0.0"

svelte@^3.38.2:
  version "3.38.3"
  resolved "https://registry.yarnpkg.com/svelte/-/svelte-3.38.3.tgz#e15a1da98ee4b10162a6c8cb4c80aa86b2b589ed"
  integrity sha512-N7bBZJH0iF24wsalFZF+fVYMUOigaAUQMIcEKHO3jstK/iL8VmP9xE+P0/a76+FkNcWt+TDv2Gx1taUoUscrvw==

typescript@^4.2.4:
  version "4.3.5"
  resolved "https://registry.yarnpkg.com/typescript/-/typescript-4.3.5.tgz#4d1c37cc16e893973c45a06886b7113234f119f4"
  integrity sha512-DqQgihaQ9cUrskJo9kIyW/+g0Vxsk8cDtZ52a3NGh0YNTfpUSArXSohyUGnvbPazEPLu398C0UxmKSOrPumUzA==

util-deprecate@^1.0.2:
  version "1.0.2"
  resolved "https://registry.yarnpkg.com/util-deprecate/-/util-deprecate-1.0.2.tgz#450d4dc9fa70de732762fbd2d4a28981419a0ccf"
  integrity sha1-RQ1Nyfpw3nMnYvvS1KKJgUGaDM8=

vite@^2.4.1:
  version "2.4.2"
  resolved "https://registry.yarnpkg.com/vite/-/vite-2.4.2.tgz#07d00615775c808530bc9f65641062b349b67929"
  integrity sha512-2MifxD2I9fjyDmmEzbULOo3kOUoqX90A58cT6mECxoVQlMYFuijZsPQBuA14mqSwvV3ydUsqnq+BRWXyO9Qa+w==
  dependencies:
    esbuild "^0.12.8"
    postcss "^8.3.5"
    resolve "^1.20.0"
    rollup "^2.38.5"
  optionalDependencies:
    fsevents "~2.3.2"

wrappy@1:
  version "1.0.2"
  resolved "https://registry.yarnpkg.com/wrappy/-/wrappy-1.0.2.tgz#b5243d8f3ec1aa35f1364605bc0d1036e30ab69f"
  integrity sha1-tSQ9jz7BqjXxNkYFvA0QNuMKtp8=
